// !$*UTF8*$!
{
	archiveVersion = 1;
	classes = {
	};
	objectVersion = 77;
	objects = {

/* Begin PBXContainerItemProxy section */
		6C1420D7306E97AF005E07D9 /* PBXContainerItemProxy */ = {
			isa = PBXContainerItemProxy;
			containerPortal = 6C1420BF306E97AC005E07D9 /* Project object */;
			proxyType = 1;
			remoteGlobalIDString = 6C1420C6306E97AC005E07D9;
			remoteInfo = BLE_HitAndBlow;
		};
		6C1420E1306E97AF005E07D9 /* PBXContainerItemProxy */ = {
			isa = PBXContainerItemProxy;
			containerPortal = 6C1420BF306E97AC005E07D9 /* Project object */;
			proxyType = 1;
			remoteGlobalIDString = 6C1420C6306E97AC005E07D9;
			remoteInfo = BLE_HitAndBlow;
		};
/* End PBXContainerItemProxy section */

/* Begin PBXFileReference section */
		6C1420C7306E97AC005E07D9 /* BLE_HitAndBlow.app */ = {isa = PBXFileReference; explicitFileType = wrapper.application; includeInIndex = 0; path = BLE_HitAndBlow.app; sourceTree = BUILT_PRODUCTS_DIR; };
		6C1420D6306E97AF005E07D9 /* BLE_HitAndBlowTests.xctest */ = {isa = PBXFileReference; explicitFileType = wrapper.cfbundle; includeInIndex = 0; path = BLE_HitAndBlowTests.xctest; sourceTree = BUILT_PRODUCTS_DIR; };
		6C1420E0306E97AF005E07D9 /* BLE_HitAndBlowUITests.xctest */ = {isa = PBXFileReference; explicitFileType = wrapper.cfbundle; includeInIndex = 0; path = BLE_HitAndBlowUITests.xctest; sourceTree = BUILT_PRODUCTS_DIR; };
/* End PBXFileReference section */

/* Begin PBXFileSystemSynchronizedRootGroup section */
		6C1420C9306E97AC005E07D9 /* BLE_HitAndBlow */ = {
			isa = PBXFileSystemSynchronizedRootGroup;
			path = BLE_HitAndBlow;
			sourceTree = "<group>";
		};
		6C1420D9306E97AF005E07D9 /* BLE_HitAndBlowTests */ = {
			isa = PBXFileSystemSynchronizedRootGroup;
			path = BLE_HitAndBlowTests;
			sourceTree = "<group>";
		};
		6C1420E3306E97AF005E07D9 /* BLE_HitAndBlowUITests */ = {
			isa = PBXFileSystemSynchronizedRootGroup;
			path = BLE_HitAndBlowUITests;
			sourceTree = "<group>";
		};
/* End PBXFileSystemSynchronizedRootGroup section */

/* Begin PBXFrameworksBuildPhase section */
		6C1420C4306E97AC005E07D9 /* Frameworks */ = {
			isa = PBXFrameworksBuildPhase;
			buildActionMask = 2147483647;
			files = (
			);
			runOnlyForDeploymentPostprocessing = 0;
		};
		6C1420D3306E97AF005E07D9 /* Frameworks */ = {
			isa = PBXFrameworksBuildPhase;
			buildActionMask = 2147483647;
			files = (
			);
			runOnlyForDeploymentPostprocessing = 0;
		};
		6C1420DD306E97AF005E07D9 /* Frameworks */ = {
			isa = PBXFrameworksBuildPhase;
			buildActionMask = 2147483647;
			files = (
			);
			runOnlyForDeploymentPostprocessing = 0;
		};
/* End PBXFrameworksBuildPhase section */

/* Begin PBXGroup section */
		6C1420BE306E97AC005E07D9 = {
			isa = PBXGroup;
			children = (
				6C1420C9306E97AC005E07D9 /* BLE_HitAndBlow */,
				6C1420D9306E97AF005E07D9 /* BLE_HitAndBlowTests */,
				6C1420E3306E97AF005E07D9 /* BLE_HitAndBlowUITests */,
				6C1420C8306E97AC005E07D9 /* Products */,
			);
			sourceTree = "<group>";
		};
		6C1420C8306E97AC005E07D9 /* Products */ = {
			isa = PBXGroup;
			children = (
				6C1420C7306E97AC005E07D9 /* BLE_HitAndBlow.app */,
				6C1420D6306E97AF005E07D9 /* BLE_HitAndBlowTests.xctest */,
				6C1420E0306E97AF005E07D9 /* BLE_HitAndBlowUITests.xctest */,
			);
			name = Products;
			sourceTree = "<group>";
		};
/* End PBXGroup section */

/* Begin PBXNativeTarget section */
		6C1420C6306E97AC005E07D9 /* BLE_HitAndBlow */ = {
			isa = PBXNativeTarget;
			buildConfigurationList = 6C1420EA306E97AF005E07D9 /* Build configuration list for PBXNativeTarget "BLE_HitAndBlow" */;
			buildPhases = (
				6C1420C3306E97AC005E07D9 /* Sources */,
				6C1420C4306E97AC005E07D9 /* Frameworks */,
				6C1420C5306E97AC005E07D9 /* Resources */,
			);
			buildRules = (
			);
			dependencies = (
			);
			fileSystemSynchronizedGroups = (
				6C1420C9306E97AC005E07D9 /* BLE_HitAndBlow */,
			);
			name = BLE_HitAndBlow;
			packageProductDependencies = (
			);
			productName = BLE_HitAndBlow;
			productReference = 6C1420C7306E97AC005E07D9 /* BLE_HitAndBlow.app */;
			productType = "com.apple.product-type.application";
		};
		6C1420D5306E97AF005E07D9 /* BLE_HitAndBlowTests */ = {
			isa = PBXNativeTarget;
			buildConfigurationList = 6C1420ED306E97AF005E07D9 /* Build configuration list for PBXNativeTarget "BLE_HitAndBlowTests" */;
			buildPhases = (
				6C1420D2306E97AF005E07D9 /* Sources */,
				6C1420D3306E97AF005E07D9 /* Frameworks */,
				6C1420D4306E97AF005E07D9 /* Resources */,
			);
			buildRules = (
			);
			dependencies = (
				6C1420D8306E97AF005E07D9 /* PBXTargetDependency */,
			);
			fileSystemSynchronizedGroups = (
				6C1420D9306E97AF005E07D9 /* BLE_HitAndBlowTests */,
			);
			name = BLE_HitAndBlowTests;
			packageProductDependencies = (
			);
			productName = BLE_HitAndBlowTests;
			productReference = 6C1420D6306E97AF005E07D9 /* BLE_HitAndBlowTests.xctest */;
			productType = "com.apple.product-type.bundle.unit-test";
		};
		6C1420DF306E97AF005E07D9 /* BLE_HitAndBlowUITests */ = {
			isa = PBXNativeTarget;
			buildConfigurationList = 6C1420F0306E97AF005E07D9 /* Build configuration list for PBXNativeTarget "BLE_HitAndBlowUITests" */;
			buildPhases = (
				6C1420DC306E97AF005E07D9 /* Sources */,
				6C1420DD306E97AF005E07D9 /* Frameworks */,
				6C1420DE306E97AF005E07D9 /* Resources */,
			);
			buildRules = (
			);
			dependencies = (
				6C1420E2306E97AF005E07D9 /* PBXTargetDependency */,
			);
			fileSystemSynchronizedGroups = (
				6C1420E3306E97AF005E07D9 /* BLE_HitAndBlowUITests */,
			);
			name = BLE_HitAndBlowUITests;
			packageProductDependencies = (
			);
			productName = BLE_HitAndBlowUITests;
			productReference = 6C1420E0306E97AF005E07D9 /* BLE_HitAndBlowUITests.xctest */;
			productType = "com.apple.product-type.bundle.ui-testing";
		};
/* End PBXNativeTarget section */

/* Begin PBXProject section */
		6C1420BF306E97AC005E07D9 /* Project object */ = {
			isa = PBXProject;
			attributes = {
				BuildIndependentTargetsInParallel = 1;
				LastSwiftUpdateCheck = 2640;
				LastUpgradeCheck = 2640;
				TargetAttributes = {
					6C1420C6306E97AC005E07D9 = {
						CreatedOnToolsVersion = 26.4.1;
					};
					6C1420D5306E97AF005E07D9 = {
						CreatedOnToolsVersion = 26.4.1;
						TestTargetID = 6C1420C6306E97AC005E07D9;
					};
					6C1420DF306E97AF005E07D9 = {
						CreatedOnToolsVersion = 26.4.1;
						TestTargetID = 6C1420C6306E97AC005E07D9;
					};
				};
			};
			buildConfigurationList = 6C1420C2306E97AC005E07D9 /* Build configuration list for PBXProject "BLE_HitAndBlow" */;
			developmentRegion = en;
			hasScannedForEncodings = 0;
			knownRegions = (
				en,
				Base,
			);
			mainGroup = 6C1420BE306E97AC005E07D9;
			minimizedProjectReferenceProxies = 1;
			preferredProjectObjectVersion = 77;
			productRefGroup = 6C1420C8306E97AC005E07D9 /* Products */;
			projectDirPath = "";
			projectRoot = "";
			targets = (
				6C1420C6306E97AC005E07D9 /* BLE_HitAndBlow */,
				6C1420D5306E97AF005E07D9 /* BLE_HitAndBlowTests */,
				6C1420DF306E97AF005E07D9 /* BLE_HitAndBlowUITests */,
			);
		};
/* End PBXProject section */

/* Begin PBXResourcesBuildPhase section */
		6C1420C5306E97AC005E07D9 /* Resources */ = {
			isa = PBXResourcesBuildPhase;
			buildActionMask = 2147483647;
			files = (
			);
			runOnlyForDeploymentPostprocessing = 0;
		};
		6C1420D4306E97AF005E07D9 /* Resources */ = {
			isa = PBXResourcesBuildPhase;
			buildActionMask = 2147483647;
			files = (
			);
			runOnlyForDeploymentPostprocessing = 0;
		};
		6C1420DE306E97AF005E07D9 /* Resources */ = {
			isa = PBXResourcesBuildPhase;
			buildActionMask = 2147483647;
			files = (
			);
			runOnlyForDeploymentPostprocessing = 0;
		};
/* End PBXResourcesBuildPhase section */

/* Begin PBXSourcesBuildPhase section */
		6C1420C3306E97AC005E07D9 /* Sources */ = {
			isa = PBXSourcesBuildPhase;
			buildActionMask = 2147483647;
			files = (
			);
			runOnlyForDeploymentPostprocessing = 0;
		};
		6C1420D2306E97AF005E07D9 /* Sources */ = {
			isa = PBXSourcesBuildPhase;
			buildActionMask = 2147483647;
			files = (
			);
			runOnlyForDeploymentPostprocessing = 0;
		};
		6C1420DC306E97AF005E07D9 /* Sources */ = {
			isa = PBXSourcesBuildPhase;
			buildActionMask = 2147483647;
			files = (
			);
			runOnlyForDeploymentPostprocessing = 0;
		};
/* End PBXSourcesBuildPhase section */

/* Begin PBXTargetDependency section */
		6C1420D8306E97AF005E07D9 /* PBXTargetDependency */ = {
			isa = PBXTargetDependency;
			target = 6C1420C6306E97AC005E07D9 /* BLE_HitAndBlow */;
			targetProxy = 6C1420D7306E97AF005E07D9 /* PBXContainerItemProxy */;
		};
		6C1420E2306E97AF005E07D9 /* PBXTargetDependency */ = {
			isa = PBXTargetDependency;
			target = 6C1420C6306E97AC005E07D9 /* BLE_HitAndBlow */;
			targetProxy = 6C1420E1306E97AF005E07D9 /* PBXContainerItemProxy */;
		};
/* End PBXTargetDependency section */

/* Begin XCBuildConfiguration section */
		6C1420E8306E97AF005E07D9 /* Debug */ = {
			isa = XCBuildConfiguration;
			buildSettings = {
				ALWAYS_SEARCH_USER_PATHS = NO;
				ASSETCATALOG_COMPILER_GENERATE_SWIFT_ASSET_SYMBOL_EXTENSIONS = YES;
				CLANG_ANALYZER_NONNULL = YES;
				CLANG_ANALYZER_NUMBER_OBJECT_CONVERSION = YES_AGGRESSIVE;
				CLANG_CXX_LANGUAGE_STANDARD = "gnu++20";
				CLANG_ENABLE_MODULES = YES;
				CLANG_ENABLE_OBJC_ARC = YES;
				CLANG_ENABLE_OBJC_WEAK = YES;
				CLANG_WARN_BLOCK_CAPTURE_AUTORELEASING = YES;
				CLANG_WARN_BOOL_CONVERSION = YES;
				CLANG_WARN_COMMA = YES;
				CLANG_WARN_CONSTANT_CONVERSION = YES;
				CLANG_WARN_DEPRECATED_OBJC_IMPLEMENTATIONS = YES;
				CLANG_WARN_DIRECT_OBJC_ISA_USAGE = YES_ERROR;
				CLANG_WARN_DOCUMENTATION_COMMENTS = YES;
				CLANG_WARN_EMPTY_BODY = YES;
				CLANG_WARN_ENUM_CONVERSION = YES;
				CLANG_WARN_INFINITE_RECURSION = YES;
				CLANG_WARN_INT_CONVERSION = YES;
				CLANG_WARN_NON_LITERAL_NULL_CONVERSION = YES;
				CLANG_WARN_OBJC_IMPLICIT_RETAIN_SELF = YES;
				CLANG_WARN_OBJC_LITERAL_CONVERSION = YES;
				CLANG_WARN_OBJC_ROOT_CLASS = YES_ERROR;
				CLANG_WARN_QUOTED_INCLUDE_IN_FRAMEWORK_HEADER = YES;
				CLANG_WARN_RANGE_LOOP_ANALYSIS = YES;
				CLANG_WARN_STRICT_PROTOTYPES = YES;
				CLANG_WARN_SUSPICIOUS_MOVE = YES;
				CLANG_WARN_UNGUARDED_AVAILABILITY = YES_AGGRESSIVE;
				CLANG_WARN_UNREACHABLE_CODE = YES;
				CLANG_WARN__DUPLICATE_METHOD_MATCH = YES;
				COPY_PHASE_STRIP = NO;
				DEBUG_INFORMATION_FORMAT = dwarf;
				DEVELOPMENT_TEAM = 9KD8U59P2Q;
				ENABLE_STRICT_OBJC_MSGSEND = YES;
				ENABLE_TESTABILITY = YES;
				ENABLE_USER_SCRIPT_SANDBOXING = YES;
				GCC_C_LANGUAGE_STANDARD = gnu17;
				GCC_DYNAMIC_NO_PIC = NO;
				GCC_NO_COMMON_BLOCKS = YES;
				GCC_OPTIMIZATION_LEVEL = 0;
				GCC_PREPROCESSOR_DEFINITIONS = (
					"DEBUG=1",
					"$(inherited)",
				);
				GCC_WARN_64_TO_32_BIT_CONVERSION = YES;
				GCC_WARN_ABOUT_RETURN_TYPE = YES_ERROR;
				GCC_WARN_UNDECLARED_SELECTOR = YES;
				GCC_WARN_UNINITIALIZED_AUTOS = YES_AGGRESSIVE;
				GCC_WARN_UNUSED_FUNCTION = YES;
				GCC_WARN_UNUSED_VARIABLE = YES;
				IPHONEOS_DEPLOYMENT_TARGET = 26.4;
				LOCALIZATION_PREFERS_STRING_CATALOGS = YES;
				MTL_ENABLE_DEBUG_INFO = INCLUDE_SOURCE;
				MTL_FAST_MATH = YES;
				ONLY_ACTIVE_ARCH = YES;
				SDKROOT = iphoneos;
				SWIFT_ACTIVE_COMPILATION_CONDITIONS = "DEBUG $(inherited)";
				SWIFT_OPTIMIZATION_LEVEL = "-Onone";
			};
			name = Debug;
		};
		6C1420E9306E97AF005E07D9 /* Release */ = {
			isa = XCBuildConfiguration;
			buildSettings = {
				ALWAYS_SEARCH_USER_PATHS = NO;
				ASSETCATALOG_COMPILER_GENERATE_SWIFT_ASSET_SYMBOL_EXTENSIONS = YES;
				CLANG_ANALYZER_NONNULL = YES;
				CLANG_ANALYZER_NUMBER_OBJECT_CONVERSION = YES_AGGRESSIVE;
				CLANG_CXX_LANGUAGE_STANDARD = "gnu++20";
				CLANG_ENABLE_MODULES = YES;
				CLANG_ENABLE_OBJC_ARC = YES;
				CLANG_ENABLE_OBJC_WEAK = YES;
				CLANG_WARN_BLOCK_CAPTURE_AUTORELEASING = YES;
				CLANG_WARN_BOOL_CONVERSION = YES;
				CLANG_WARN_COMMA = YES;
				CLANG_WARN_CONSTANT_CONVERSION = YES;
				CLANG_WARN_DEPRECATED_OBJC_IMPLEMENTATIONS = YES;
				CLANG_WARN_DIRECT_OBJC_ISA_USAGE = YES_ERROR;
				CLANG_WARN_DOCUMENTATION_COMMENTS = YES;
				CLANG_WARN_EMPTY_BODY = YES;
				CLANG_WARN_ENUM_CONVERSION = YES;
				CLANG_WARN_INFINITE_RECURSION = YES;
				CLANG_WARN_INT_CONVERSION = YES;
				CLANG_WARN_NON_LITERAL_NULL_CONVERSION = YES;
				CLANG_WARN_OBJC_IMPLICIT_RETAIN_SELF = YES;
				CLANG_WARN_OBJC_LITERAL_CONVERSION = YES;
				CLANG_WARN_OBJC_ROOT_CLASS = YES_ERROR;
				CLANG_WARN_QUOTED_INCLUDE_IN_FRAMEWORK_HEADER = YES;
				CLANG_WARN_RANGE_LOOP_ANALYSIS = YES;
				CLANG_WARN_STRICT_PROTOTYPES = YES;
				CLANG_WARN_SUSPICIOUS_MOVE = YES;
				CLANG_WARN_UNGUARDED_AVAILABILITY = YES_AGGRESSIVE;
				CLANG_WARN_UNREACHABLE_CODE = YES;
				CLANG_WARN__DUPLICATE_METHOD_MATCH = YES;
				COPY_PHASE_STRIP = NO;
				DEBUG_INFORMATION_FORMAT = "dwarf-with-dsym";
				DEVELOPMENT_TEAM = 9KD8U59P2Q;
				ENABLE_NS_ASSERTIONS = NO;
				ENABLE_STRICT_OBJC_MSGSEND = YES;
				ENABLE_USER_SCRIPT_SANDBOXING = YES;
				GCC_C_LANGUAGE_STANDARD = gnu17;
				GCC_NO_COMMON_BLOCKS = YES;
				GCC_WARN_64_TO_32_BIT_CONVERSION = YES;
				GCC_WARN_ABOUT_RETURN_TYPE = YES_ERROR;
				GCC_WARN_UNDECLARED_SELECTOR = YES;
				GCC_WARN_UNINITIALIZED_AUTOS = YES_AGGRESSIVE;
				GCC_WARN_UNUSED_FUNCTION = YES;
				GCC_WARN_UNUSED_VARIABLE = YES;
				IPHONEOS_DEPLOYMENT_TARGET = 26.4;
				LOCALIZATION_PREFERS_STRING_CATALOGS = YES;
				MTL_ENABLE_DEBUG_INFO = NO;
				MTL_FAST_MATH = YES;
				SDKROOT = iphoneos;
				SWIFT_COMPILATION_MODE = wholemodule;
				VALIDATE_PRODUCT = YES;
			};
			name = Release;
		};
		6C1420EB306E97AF005E07D9 /* Debug */ = {
			isa = XCBuildConfiguration;
			buildSettings = {
				ASSETCATALOG_COMPILER_APPICON_NAME = AppIcon;
				ASSETCATALOG_COMPILER_GLOBAL_ACCENT_COLOR_NAME = AccentColor;
				CODE_SIGN_STYLE = Automatic;
				CURRENT_PROJECT_VERSION = 1;
				DEVELOPMENT_TEAM = 9KD8U59P2Q;
				ENABLE_PREVIEWS = YES;
				GENERATE_INFOPLIST_FILE = YES;
				INFOPLIST_KEY_UIApplicationSceneManifest_Generation = YES;
				INFOPLIST_KEY_UIApplicationSupportsIndirectInputEvents = YES;
				INFOPLIST_KEY_UILaunchScreen_Generation = YES;
				INFOPLIST_KEY_UISupportedInterfaceOrientations_iPad = "UIInterfaceOrientationPortrait UIInterfaceOrientationPortraitUpsideDown UIInterfaceOrientationLandscapeLeft UIInterfaceOrientationLandscapeRight";
				INFOPLIST_KEY_UISupportedInterfaceOrientations_iPhone = "UIInterfaceOrientationPortrait UIInterfaceOrientationLandscapeLeft UIInterfaceOrientationLandscapeRight";
				LD_RUNPATH_SEARCH_PATHS = (
					"$(inherited)",
					"@executable_path/Frameworks",
				);
				MARKETING_VERSION = 1.0;
				PRODUCT_BUNDLE_IDENTIFIER = "com.kemtaro.BLE-HitAndBlow";
				PRODUCT_NAME = "$(TARGET_NAME)";
				STRING_CATALOG_GENERATE_SYMBOLS = YES;
				SWIFT_APPROACHABLE_CONCURRENCY = YES;
				SWIFT_DEFAULT_ACTOR_ISOLATION = MainActor;
				SWIFT_EMIT_LOC_STRINGS = YES;
				SWIFT_UPCOMING_FEATURE_MEMBER_IMPORT_VISIBILITY = YES;
				SWIFT_VERSION = 5.0;
				TARGETED_DEVICE_FAMILY = "1,2";
			};
			name = Debug;
		};
		6C1420EC306E97AF005E07D9 /* Release */ = {
			isa = XCBuildConfiguration;
			buildSettings = {
				ASSETCATALOG_COMPILER_APPICON_NAME = AppIcon;
				ASSETCATALOG_COMPILER_GLOBAL_ACCENT_COLOR_NAME = AccentColor;
				CODE_SIGN_STYLE = Automatic;
				CURRENT_PROJECT_VERSION = 1;
				DEVELOPMENT_TEAM = 9KD8U59P2Q;
				ENABLE_PREVIEWS = YES;
				GENERATE_INFOPLIST_FILE = YES;
				INFOPLIST_KEY_UIApplicationSceneManifest_Generation = YES;
				INFOPLIST_KEY_UIApplicationSupportsIndirectInputEvents = YES;
				INFOPLIST_KEY_UILaunchScreen_Generation = YES;
				INFOPLIST_KEY_UISupportedInterfaceOrientations_iPad = "UIInterfaceOrientationPortrait UIInterfaceOrientationPortraitUpsideDown UIInterfaceOrientationLandscapeLeft UIInterfaceOrientationLandscapeRight";
				INFOPLIST_KEY_UISupportedInterfaceOrientations_iPhone = "UIInterfaceOrientationPortrait UIInterfaceOrientationLandscapeLeft UIInterfaceOrientationLandscapeRight";
				LD_RUNPATH_SEARCH_PATHS = (
					"$(inherited)",
					"@executable_path/Frameworks",
				);
				MARKETING_VERSION = 1.0;
				PRODUCT_BUNDLE_IDENTIFIER = "com.kemtaro.BLE-HitAndBlow";
				PRODUCT_NAME = "$(TARGET_NAME)";
				STRING_CATALOG_GENERATE_SYMBOLS = YES;
				SWIFT_APPROACHABLE_CONCURRENCY = YES;
				SWIFT_DEFAULT_ACTOR_ISOLATION = MainActor;
				SWIFT_EMIT_LOC_STRINGS = YES;
				SWIFT_UPCOMING_FEATURE_MEMBER_IMPORT_VISIBILITY = YES;
				SWIFT_VERSION = 5.0;
				TARGETED_DEVICE_FAMILY = "1,2";
			};
			name = Release;
		};
		6C1420EE306E97AF005E07D9 /* Debug */ = {
			isa = XCBuildConfiguration;
			buildSettings = {
				BUNDLE_LOADER = "$(TEST_HOST)";
				CODE_SIGN_STYLE = Automatic;
				CURRENT_PROJECT_VERSION = 1;
				DEVELOPMENT_TEAM = 9KD8U59P2Q;
				GENERATE_INFOPLIST_FILE = YES;
				IPHONEOS_DEPLOYMENT_TARGET = 26.4;
				MARKETING_VERSION = 1.0;
				PRODUCT_BUNDLE_IDENTIFIER = "com.kemtaro.BLE-HitAndBlowTests";
				PRODUCT_NAME = "$(TARGET_NAME)";
				STRING_CATALOG_GENERATE_SYMBOLS = NO;
				SWIFT_APPROACHABLE_CONCURRENCY = YES;
				SWIFT_EMIT_LOC_STRINGS = NO;
				SWIFT_UPCOMING_FEATURE_MEMBER_IMPORT_VISIBILITY = YES;
				SWIFT_VERSION = 5.0;
				TARGETED_DEVICE_FAMILY = "1,2";
				TEST_HOST = "$(BUILT_PRODUCTS_DIR)/BLE_HitAndBlow.app/$(BUNDLE_EXECUTABLE_FOLDER_PATH)/BLE_HitAndBlow";
			};
			name = Debug;
		};
		6C1420EF306E97AF005E07D9 /* Release */ = {
			isa = XCBuildConfiguration;
			buildSettings = {
				BUNDLE_LOADER = "$(TEST_HOST)";
				CODE_SIGN_STYLE = Automatic;
				CURRENT_PROJECT_VERSION = 1;
				DEVELOPMENT_TEAM = 9KD8U59P2Q;
				GENERATE_INFOPLIST_FILE = YES;
				IPHONEOS_DEPLOYMENT_TARGET = 26.4;
				MARKETING_VERSION = 1.0;
				PRODUCT_BUNDLE_IDENTIFIER = "com.kemtaro.BLE-HitAndBlowTests";
				PRODUCT_NAME = "$(TARGET_NAME)";
				STRING_CATALOG_GENERATE_SYMBOLS = NO;
				SWIFT_APPROACHABLE_CONCURRENCY = YES;
				SWIFT_EMIT_LOC_STRINGS = NO;
				SWIFT_UPCOMING_FEATURE_MEMBER_IMPORT_VISIBILITY = YES;
				SWIFT_VERSION = 5.0;
				TARGETED_DEVICE_FAMILY = "1,2";
				TEST_HOST = "$(BUILT_PRODUCTS_DIR)/BLE_HitAndBlow.app/$(BUNDLE_EXECUTABLE_FOLDER_PATH)/BLE_HitAndBlow";
			};
			name = Release;
		};
		6C1420F1306E97AF005E07D9 /* Debug */ = {
			isa = XCBuildConfiguration;
			buildSettings = {
				CODE_SIGN_STYLE = Automatic;
				CURRENT_PROJECT_VERSION = 1;
				DEVELOPMENT_TEAM = 9KD8U59P2Q;
				GENERATE_INFOPLIST_FILE = YES;
				MARKETING_VERSION = 1.0;
				PRODUCT_BUNDLE_IDENTIFIER = "com.kemtaro.BLE-HitAndBlowUITests";
				PRODUCT_NAME = "$(TARGET_NAME)";
				STRING_CATALOG_GENERATE_SYMBOLS = NO;
				SWIFT_APPROACHABLE_CONCURRENCY = YES;
				SWIFT_EMIT_LOC_STRINGS = NO;
				SWIFT_UPCOMING_FEATURE_MEMBER_IMPORT_VISIBILITY = YES;
				SWIFT_VERSION = 5.0;
				TARGETED_DEVICE_FAMILY = "1,2";
				TEST_TARGET_NAME = BLE_HitAndBlow;
			};
			name = Debug;
		};
		6C1420F2306E97AF005E07D9 /* Release */ = {
			isa = XCBuildConfiguration;
			buildSettings = {
				CODE_SIGN_STYLE = Automatic;
				CURRENT_PROJECT_VERSION = 1;
				DEVELOPMENT_TEAM = 9KD8U59P2Q;
				GENERATE_INFOPLIST_FILE = YES;
				MARKETING_VERSION = 1.0;
				PRODUCT_BUNDLE_IDENTIFIER = "com.kemtaro.BLE-HitAndBlowUITests";
				PRODUCT_NAME = "$(TARGET_NAME)";
				STRING_CATALOG_GENERATE_SYMBOLS = NO;
				SWIFT_APPROACHABLE_CONCURRENCY = YES;
				SWIFT_EMIT_LOC_STRINGS = NO;
				SWIFT_UPCOMING_FEATURE_MEMBER_IMPORT_VISIBILITY = YES;
				SWIFT_VERSION = 5.0;
				TARGETED_DEVICE_FAMILY = "1,2";
				TEST_TARGET_NAME = BLE_HitAndBlow;
			};
			name = Release;
		};
/* End XCBuildConfiguration section */

/* Begin XCConfigurationList section */
		6C1420C2306E97AC005E07D9 /* Build configuration list for PBXProject "BLE_HitAndBlow" */ = {
			isa = XCConfigurationList;
			buildConfigurations = (
				6C1420E8306E97AF005E07D9 /* Debug */,
				6C1420E9306E97AF005E07D9 /* Release */,
			);
			defaultConfigurationIsVisible = 0;
			defaultConfigurationName = Release;
		};
		6C1420EA306E97AF005E07D9 /* Build configuration list for PBXNativeTarget "BLE_HitAndBlow" */ = {
			isa = XCConfigurationList;
			buildConfigurations = (
				6C1420EB306E97AF005E07D9 /* Debug */,
				6C1420EC306E97AF005E07D9 /* Release */,
			);
			defaultConfigurationIsVisible = 0;
			defaultConfigurationName = Release;
		};
		6C1420ED306E97AF005E07D9 /* Build configuration list for PBXNativeTarget "BLE_HitAndBlowTests" */ = {
			isa = XCConfigurationList;
			buildConfigurations = (
				6C1420EE306E97AF005E07D9 /* Debug */,
				6C1420EF306E97AF005E07D9 /* Release */,
			);
			defaultConfigurationIsVisible = 0;
			defaultConfigurationName = Release;
		};
		6C1420F0306E97AF005E07D9 /* Build configuration list for PBXNativeTarget "BLE_HitAndBlowUITests" */ = {
			isa = XCConfigurationList;
			buildConfigurations = (
				6C1420F1306E97AF005E07D9 /* Debug */,
				6C1420F2306E97AF005E07D9 /* Release */,
			);
			defaultConfigurationIsVisible = 0;
			defaultConfigurationName = Release;
		};
/* End XCConfigurationList section */
	};
	rootObject = 6C1420BF306E97AC005E07D9 /* Project object */;
}
